
Microsoft Visual Studio Solution File, Format Version 12.00
# Visual Studio Version 17
VisualStudioVersion = 17.2.32616.157
MinimumVisualStudioVersion = 10.0.40219.1
Project("{9A19103F-16F7-4668-BE54-9A1E7A4F7556}") = "WebAPI", "WebAPI\WebAPI.csproj", "{1D41EC2C-CC5A-4020-AECF-D5F09B7A2442}"
EndProject
Project("{FAE04EC0-301F-11D3-BF4B-00C04F79EFBC}") = "Domain", "Domain\Domain.csproj", "{4D5FE85A-27A9-472A-9300-1D507D443745}"
EndProject
Project("{2150E333-8FDC-42A3-9474-1A3956D46DE8}") = "Core", "Core", "{A0EB5856-6E60-4563-96EE-8405412C725D}"
EndProject
Project("{2150E333-8FDC-42A3-9474-1A3956D46DE8}") = "src", "src", "{3F5EA39F-0678-4D78-9B4B-40E110FE6610}"
EndProject
Project("{FAE04EC0-301F-11D3-BF4B-00C04F79EFBC}") = "Application", "Application\Application.csproj", "{9436AB5F-E503-47E6-AAF8-2CEEB775C827}"
EndProject
Project("{2150E333-8FDC-42A3-9474-1A3956D46DE8}") = "Infra", "Infra", "{733BA5F4-776F-48AD-959E-099D964C1B4D}"
EndProject
Project("{2150E333-8FDC-42A3-9474-1A3956D46DE8}") = "WebService", "WebService", "{B2B01665-5525-4781-AA16-196052EBB1A9}"
EndProject
Project("{2150E333-8FDC-42A3-9474-1A3956D46DE8}") = "Test", "Test", "{1AA70B56-0C8C-4940-B016-45BA004C904D}"
EndProject
Global
	GlobalSection(SolutionConfigurationPlatforms) = preSolution
		Debug|Any CPU = Debug|Any CPU
		Release|Any CPU = Release|Any CPU
	EndGlobalSection
	GlobalSection(ProjectConfigurationPlatforms) = postSolution
		{1D41EC2C-CC5A-4020-AECF-D5F09B7A2442}.Debug|Any CPU.ActiveCfg = Debug|Any CPU
		{1D41EC2C-CC5A-4020-AECF-D5F09B7A2442}.Debug|Any CPU.Build.0 = Debug|Any CPU
		{1D41EC2C-CC5A-4020-AECF-D5F09B7A2442}.Release|Any CPU.ActiveCfg = Release|Any CPU
		{1D41EC2C-CC5A-4020-AECF-D5F09B7A2442}.Release|Any CPU.Build.0 = Release|Any CPU
		{4D5FE85A-27A9-472A-9300-1D507D443745}.Debug|Any CPU.ActiveCfg = Debug|Any CPU
		{4D5FE85A-27A9-472A-9300-1D507D443745}.Debug|Any CPU.Build.0 = Debug|Any CPU
		{4D5FE85A-27A9-472A-9300-1D507D443745}.Release|Any CPU.ActiveCfg = Release|Any CPU
		{4D5FE85A-27A9-472A-9300-1D507D443745}.Release|Any CPU.Build.0 = Release|Any CPU
		{9436AB5F-E503-47E6-AAF8-2CEEB775C827}.Debug|Any CPU.ActiveCfg = Debug|Any CPU
		{9436AB5F-E503-47E6-AAF8-2CEEB775C827}.Debug|Any CPU.Build.0 = Debug|Any CPU
		{9436AB5F-E503-47E6-AAF8-2CEEB775C827}.Release|Any CPU.ActiveCfg = Release|Any CPU
		{9436AB5F-E503-47E6-AAF8-2CEEB775C827}.Release|Any CPU.Build.0 = Release|Any CPU
	EndGlobalSection
	GlobalSection(SolutionProperties) = preSolution
		HideSolutionNode = FALSE
	EndGlobalSection
	GlobalSection(NestedProjects) = preSolution
		{1D41EC2C-CC5A-4020-AECF-D5F09B7A2442} = {B2B01665-5525-4781-AA16-196052EBB1A9}
		{4D5FE85A-27A9-472A-9300-1D507D443745} = {A0EB5856-6E60-4563-96EE-8405412C725D}
		{A0EB5856-6E60-4563-96EE-8405412C725D} = {3F5EA39F-0678-4D78-9B4B-40E110FE6610}
		{9436AB5F-E503-47E6-AAF8-2CEEB775C827} = {A0EB5856-6E60-4563-96EE-8405412C725D}
		{733BA5F4-776F-48AD-959E-099D964C1B4D} = {3F5EA39F-0678-4D78-9B4B-40E110FE6610}
		{B2B01665-5525-4781-AA16-196052EBB1A9} = {3F5EA39F-0678-4D78-9B4B-40E110FE6610}
		{1AA70B56-0C8C-4940-B016-45BA004C904D} = {3F5EA39F-0678-4D78-9B4B-40E110FE6610}
	EndGlobalSection
	GlobalSection(ExtensibilityGlobals) = postSolution
		SolutionGuid = {FF2A19C4-BB8C-4C89-A526-43C2765983A9}
	EndGlobalSection
EndGlobal
